
Microsoft Visual Studio Solution File, Format Version 12.00
# Visual Studio Version 17
VisualStudioVersion = 17.8.34511.84
MinimumVisualStudioVersion = 10.0.40219.1
Project("{FAE04EC0-301F-11D3-BF4B-00C04F79EFBC}") = "WindowsFormsApp1", "WindowsFormsApp1.csproj", "{1B6C1E04-9177-494C-B47F-D8A93D812BF6}"
EndProject
Global
	GlobalSection(SolutionConfigurationPlatforms) = preSolution
		Debug|Any CPU = Debug|Any CPU
		Release|Any CPU = Release|Any CPU
	EndGlobalSection
	GlobalSection(ProjectConfigurationPlatforms) = postSolution
		{1B6C1E04-9177-494C-B47F-D8A93D812BF6}.Debug|Any CPU.ActiveCfg = Debug|Any CPU
		{1B6C1E04-9177-494C-B47F-D8A93D812BF6}.Debug|Any CPU.Build.0 = Debug|Any CPU
		{1B6C1E04-9177-494C-B47F-D8A93D812BF6}.Release|Any CPU.ActiveCfg = Release|Any CPU
		{1B6C1E04-9177-494C-B47F-D8A93D812BF6}.Release|Any CPU.Build.0 = Release|Any CPU
	EndGlobalSection
	GlobalSection(SolutionProperties) = preSolution
		HideSolutionNode = FALSE
	EndGlobalSection
	GlobalSection(ExtensibilityGlobals) = postSolution
		SolutionGuid = {0FB1A366-1A42-4B4E-9672-FA51600B5739}
	EndGlobalSection
EndGlobal
